
Microsoft Visual Studio Solution File, Format Version 12.00
# Visual Studio Version 16
VisualStudioVersion = 16.0.30517.126
MinimumVisualStudioVersion = 10.0.40219.1
Project("{FAE04EC0-301F-11D3-BF4B-00C04F79EFBC}") = "Hangman.Core", "Hangman.Core.csproj", "{C8D1E5E0-3475-4933-83A6-38846081EDE1}"
EndProject
Project("{FAE04EC0-301F-11D3-BF4B-00C04F79EFBC}") = "Hangman.Tests", "..\Hangman.Tests\Hangman.Tests.csproj", "{7CF93F9C-A9ED-488A-9AF5-E030CC944AC5}"
EndProject
Project("{FAE04EC0-301F-11D3-BF4B-00C04F79EFBC}") = "Hangman.App", "..\Hangman.App\Hangman.App.csproj", "{FC14DD33-4C8C-4B26-B411-D21BC0768A1E}"
EndProject
Global
	GlobalSection(SolutionConfigurationPlatforms) = preSolution
		Debug|Any CPU = Debug|Any CPU
		Release|Any CPU = Release|Any CPU
	EndGlobalSection
	GlobalSection(ProjectConfigurationPlatforms) = postSolution
		{C8D1E5E0-3475-4933-83A6-38846081EDE1}.Debug|Any CPU.ActiveCfg = Debug|Any CPU
		{C8D1E5E0-3475-4933-83A6-38846081EDE1}.Debug|Any CPU.Build.0 = Debug|Any CPU
		{C8D1E5E0-3475-4933-83A6-38846081EDE1}.Release|Any CPU.ActiveCfg = Release|Any CPU
		{C8D1E5E0-3475-4933-83A6-38846081EDE1}.Release|Any CPU.Build.0 = Release|Any CPU
		{7CF93F9C-A9ED-488A-9AF5-E030CC944AC5}.Debug|Any CPU.ActiveCfg = Debug|Any CPU
		{7CF93F9C-A9ED-488A-9AF5-E030CC944AC5}.Debug|Any CPU.Build.0 = Debug|Any CPU
		{7CF93F9C-A9ED-488A-9AF5-E030CC944AC5}.Release|Any CPU.ActiveCfg = Release|Any CPU
		{7CF93F9C-A9ED-488A-9AF5-E030CC944AC5}.Release|Any CPU.Build.0 = Release|Any CPU
		{FC14DD33-4C8C-4B26-B411-D21BC0768A1E}.Debug|Any CPU.ActiveCfg = Debug|Any CPU
		{FC14DD33-4C8C-4B26-B411-D21BC0768A1E}.Debug|Any CPU.Build.0 = Debug|Any CPU
		{FC14DD33-4C8C-4B26-B411-D21BC0768A1E}.Release|Any CPU.ActiveCfg = Release|Any CPU
		{FC14DD33-4C8C-4B26-B411-D21BC0768A1E}.Release|Any CPU.Build.0 = Release|Any CPU
	EndGlobalSection
	GlobalSection(SolutionProperties) = preSolution
		HideSolutionNode = FALSE
	EndGlobalSection
	GlobalSection(ExtensibilityGlobals) = postSolution
		SolutionGuid = {418F47C2-CC51-4053-A4C6-59ECAF363604}
	EndGlobalSection
EndGlobal
